
Microsoft Visual Studio Solution File, Format Version 12.00
Project("{FAE04EC0-301F-11D3-BF4B-00C04F79EFBC}") = "shoe-ecommerce", "shoe-ecommerce\shoe-ecommerce.csproj", "{51EC213B-AC0D-4877-8610-470A4067858A}"
EndProject
Global
	GlobalSection(SolutionConfigurationPlatforms) = preSolution
		Debug|Any CPU = Debug|Any CPU
		Release|Any CPU = Release|Any CPU
	EndGlobalSection
	GlobalSection(ProjectConfigurationPlatforms) = postSolution
		{51EC213B-AC0D-4877-8610-470A4067858A}.Debug|Any CPU.ActiveCfg = Debug|Any CPU
		{51EC213B-AC0D-4877-8610-470A4067858A}.Debug|Any CPU.Build.0 = Debug|Any CPU
		{51EC213B-AC0D-4877-8610-470A4067858A}.Release|Any CPU.ActiveCfg = Release|Any CPU
		{51EC213B-AC0D-4877-8610-470A4067858A}.Release|Any CPU.Build.0 = Release|Any CPU
	EndGlobalSection
EndGlobal
